
Microsoft Visual Studio Solution File, Format Version 12.00
# Visual Studio Version 17
VisualStudioVersion = 17.0.31912.275
MinimumVisualStudioVersion = 10.0.40219.1
Project("{FAE04EC0-301F-11D3-BF4B-00C04F79EFBC}") = "ProyectoSteamVinito", "ProyectoSteamVinito\ProyectoSteamVinito.csproj", "{8DF3D6DB-1F79-40FB-BCC9-EE5B5241735C}"
EndProject
Global
	GlobalSection(SolutionConfigurationPlatforms) = preSolution
		Debug|Any CPU = Debug|Any CPU
		Release|Any CPU = Release|Any CPU
	EndGlobalSection
	GlobalSection(ProjectConfigurationPlatforms) = postSolution
		{8DF3D6DB-1F79-40FB-BCC9-EE5B5241735C}.Debug|Any CPU.ActiveCfg = Debug|Any CPU
		{8DF3D6DB-1F79-40FB-BCC9-EE5B5241735C}.Debug|Any CPU.Build.0 = Debug|Any CPU
		{8DF3D6DB-1F79-40FB-BCC9-EE5B5241735C}.Release|Any CPU.ActiveCfg = Release|Any CPU
		{8DF3D6DB-1F79-40FB-BCC9-EE5B5241735C}.Release|Any CPU.Build.0 = Release|Any CPU
	EndGlobalSection
	GlobalSection(SolutionProperties) = preSolution
		HideSolutionNode = FALSE
	EndGlobalSection
	GlobalSection(ExtensibilityGlobals) = postSolution
		SolutionGuid = {A1CB3CAF-42D9-4F44-9AB7-AF7D549D0B8A}
	EndGlobalSection
EndGlobal
